
Microsoft Visual Studio Solution File, Format Version 12.00
# Visual Studio Version 16
VisualStudioVersion = 16.0.31515.178
MinimumVisualStudioVersion = 10.0.40219.1
Project("{9A19103F-16F7-4668-BE54-9A1E7A4F7556}") = "MVCproject", "RazorTable\MVCproject.csproj", "{8B319DC6-E5D9-4A10-8877-7F932C74ECA4}"
EndProject
Project("{9A19103F-16F7-4668-BE54-9A1E7A4F7556}") = "Tabletest", "Tabletest\Tabletest.csproj", "{1EDB48BB-EB7D-4D3F-9EC1-EF81722EA380}"
EndProject
Project("{9A19103F-16F7-4668-BE54-9A1E7A4F7556}") = "LibrarySystem", "LibrarySystem\LibrarySystem.csproj", "{90C74B10-F18C-4830-852C-DA328EF8547D}"
EndProject
Project("{9A19103F-16F7-4668-BE54-9A1E7A4F7556}") = "LibrarySystem.DAL", "LibrarySystem.DAL\LibrarySystem.DAL.csproj", "{F0DDE254-2F8A-4923-85CC-2F03571F27FE}"
EndProject
Project("{9A19103F-16F7-4668-BE54-9A1E7A4F7556}") = "LibrarySystem.Services", "LibrarySystem.Services\LibrarySystem.Services.csproj", "{B7D3CAEF-8861-4BE5-AA58-F62C4F7990E3}"
EndProject
Project("{9A19103F-16F7-4668-BE54-9A1E7A4F7556}") = "Student", "Student\Student.csproj", "{E454F613-722B-4ECB-9F90-400234561CB8}"
EndProject
Project("{FAE04EC0-301F-11D3-BF4B-00C04F79EFBC}") = "WebApi", "WebApi\WebApi.csproj", "{73FB7931-985C-4F3D-923D-08E1B1E101D0}"
EndProject
Global
	GlobalSection(SolutionConfigurationPlatforms) = preSolution
		Debug|Any CPU = Debug|Any CPU
		Release|Any CPU = Release|Any CPU
	EndGlobalSection
	GlobalSection(ProjectConfigurationPlatforms) = postSolution
		{8B319DC6-E5D9-4A10-8877-7F932C74ECA4}.Debug|Any CPU.ActiveCfg = Debug|Any CPU
		{8B319DC6-E5D9-4A10-8877-7F932C74ECA4}.Debug|Any CPU.Build.0 = Debug|Any CPU
		{8B319DC6-E5D9-4A10-8877-7F932C74ECA4}.Release|Any CPU.ActiveCfg = Release|Any CPU
		{8B319DC6-E5D9-4A10-8877-7F932C74ECA4}.Release|Any CPU.Build.0 = Release|Any CPU
		{1EDB48BB-EB7D-4D3F-9EC1-EF81722EA380}.Debug|Any CPU.ActiveCfg = Debug|Any CPU
		{1EDB48BB-EB7D-4D3F-9EC1-EF81722EA380}.Debug|Any CPU.Build.0 = Debug|Any CPU
		{1EDB48BB-EB7D-4D3F-9EC1-EF81722EA380}.Release|Any CPU.ActiveCfg = Release|Any CPU
		{1EDB48BB-EB7D-4D3F-9EC1-EF81722EA380}.Release|Any CPU.Build.0 = Release|Any CPU
		{90C74B10-F18C-4830-852C-DA328EF8547D}.Debug|Any CPU.ActiveCfg = Debug|Any CPU
		{90C74B10-F18C-4830-852C-DA328EF8547D}.Debug|Any CPU.Build.0 = Debug|Any CPU
		{90C74B10-F18C-4830-852C-DA328EF8547D}.Release|Any CPU.ActiveCfg = Release|Any CPU
		{90C74B10-F18C-4830-852C-DA328EF8547D}.Release|Any CPU.Build.0 = Release|Any CPU
		{F0DDE254-2F8A-4923-85CC-2F03571F27FE}.Debug|Any CPU.ActiveCfg = Debug|Any CPU
		{F0DDE254-2F8A-4923-85CC-2F03571F27FE}.Debug|Any CPU.Build.0 = Debug|Any CPU
		{F0DDE254-2F8A-4923-85CC-2F03571F27FE}.Release|Any CPU.ActiveCfg = Release|Any CPU
		{F0DDE254-2F8A-4923-85CC-2F03571F27FE}.Release|Any CPU.Build.0 = Release|Any CPU
		{B7D3CAEF-8861-4BE5-AA58-F62C4F7990E3}.Debug|Any CPU.ActiveCfg = Debug|Any CPU
		{B7D3CAEF-8861-4BE5-AA58-F62C4F7990E3}.Debug|Any CPU.Build.0 = Debug|Any CPU
		{B7D3CAEF-8861-4BE5-AA58-F62C4F7990E3}.Release|Any CPU.ActiveCfg = Release|Any CPU
		{B7D3CAEF-8861-4BE5-AA58-F62C4F7990E3}.Release|Any CPU.Build.0 = Release|Any CPU
		{E454F613-722B-4ECB-9F90-400234561CB8}.Debug|Any CPU.ActiveCfg = Debug|Any CPU
		{E454F613-722B-4ECB-9F90-400234561CB8}.Debug|Any CPU.Build.0 = Debug|Any CPU
		{E454F613-722B-4ECB-9F90-400234561CB8}.Release|Any CPU.ActiveCfg = Release|Any CPU
		{E454F613-722B-4ECB-9F90-400234561CB8}.Release|Any CPU.Build.0 = Release|Any CPU
		{73FB7931-985C-4F3D-923D-08E1B1E101D0}.Debug|Any CPU.ActiveCfg = Debug|Any CPU
		{73FB7931-985C-4F3D-923D-08E1B1E101D0}.Debug|Any CPU.Build.0 = Debug|Any CPU
		{73FB7931-985C-4F3D-923D-08E1B1E101D0}.Release|Any CPU.ActiveCfg = Release|Any CPU
		{73FB7931-985C-4F3D-923D-08E1B1E101D0}.Release|Any CPU.Build.0 = Release|Any CPU
	EndGlobalSection
	GlobalSection(SolutionProperties) = preSolution
		HideSolutionNode = FALSE
	EndGlobalSection
	GlobalSection(ExtensibilityGlobals) = postSolution
		SolutionGuid = {A094E552-2A92-4C50-A879-EDE54E3F7A9B}
	EndGlobalSection
EndGlobal
